
Microsoft Visual Studio Solution File, Format Version 12.00
Project("{2150E333-8FDC-42A3-9474-1A3956D46DE8}") = "src", "src", "{FD585E1D-7111-4D2C-BB8D-B8ACDD1186FB}"
EndProject
Project("{2150E333-8FDC-42A3-9474-1A3956D46DE8}") = "Catalog", "Catalog", "{89E4DF28-D8B6-45DB-85B9-9BE03063ED0F}"
EndProject
Project("{FAE04EC0-301F-11D3-BF4B-00C04F79EFBC}") = "Catalog.API", "Catalog.API\Catalog.API.csproj", "{0F084044-C460-4B0C-8741-2CDA09475ED4}"
EndProject
Project("{2150E333-8FDC-42A3-9474-1A3956D46DE8}") = "Basket", "Basket", "{6437A559-8EC1-4489-A39F-A0A5C9D28562}"
EndProject
Project("{FAE04EC0-301F-11D3-BF4B-00C04F79EFBC}") = "Basket.API", "Basket.API\Basket.API.csproj", "{A1145015-38DA-43D6-B1C0-BA1049A70D84}"
EndProject
Project("{2150E333-8FDC-42A3-9474-1A3956D46DE8}") = "Common", "Common", "{F8D0B96E-7C11-4C9D-AA8C-78A6F60EC7FD}"
EndProject
Project("{FAE04EC0-301F-11D3-BF4B-00C04F79EFBC}") = "EventBusRabbitMQ", "EventBusRabbitMQ\EventBusRabbitMQ.csproj", "{D58A9A0F-F47B-4D9D-8761-8911DC168DBA}"
EndProject
Global
	GlobalSection(SolutionConfigurationPlatforms) = preSolution
		Debug|Any CPU = Debug|Any CPU
		Release|Any CPU = Release|Any CPU
	EndGlobalSection
	GlobalSection(NestedProjects) = preSolution
		{89E4DF28-D8B6-45DB-85B9-9BE03063ED0F} = {FD585E1D-7111-4D2C-BB8D-B8ACDD1186FB}
		{0F084044-C460-4B0C-8741-2CDA09475ED4} = {89E4DF28-D8B6-45DB-85B9-9BE03063ED0F}
		{6437A559-8EC1-4489-A39F-A0A5C9D28562} = {FD585E1D-7111-4D2C-BB8D-B8ACDD1186FB}
		{A1145015-38DA-43D6-B1C0-BA1049A70D84} = {6437A559-8EC1-4489-A39F-A0A5C9D28562}
		{F8D0B96E-7C11-4C9D-AA8C-78A6F60EC7FD} = {FD585E1D-7111-4D2C-BB8D-B8ACDD1186FB}
		{D58A9A0F-F47B-4D9D-8761-8911DC168DBA} = {F8D0B96E-7C11-4C9D-AA8C-78A6F60EC7FD}
	EndGlobalSection
	GlobalSection(ProjectConfigurationPlatforms) = postSolution
		{0F084044-C460-4B0C-8741-2CDA09475ED4}.Debug|Any CPU.ActiveCfg = Debug|Any CPU
		{0F084044-C460-4B0C-8741-2CDA09475ED4}.Debug|Any CPU.Build.0 = Debug|Any CPU
		{0F084044-C460-4B0C-8741-2CDA09475ED4}.Release|Any CPU.ActiveCfg = Release|Any CPU
		{0F084044-C460-4B0C-8741-2CDA09475ED4}.Release|Any CPU.Build.0 = Release|Any CPU
		{A1145015-38DA-43D6-B1C0-BA1049A70D84}.Debug|Any CPU.ActiveCfg = Debug|Any CPU
		{A1145015-38DA-43D6-B1C0-BA1049A70D84}.Debug|Any CPU.Build.0 = Debug|Any CPU
		{A1145015-38DA-43D6-B1C0-BA1049A70D84}.Release|Any CPU.ActiveCfg = Release|Any CPU
		{A1145015-38DA-43D6-B1C0-BA1049A70D84}.Release|Any CPU.Build.0 = Release|Any CPU
		{D58A9A0F-F47B-4D9D-8761-8911DC168DBA}.Debug|Any CPU.ActiveCfg = Debug|Any CPU
		{D58A9A0F-F47B-4D9D-8761-8911DC168DBA}.Debug|Any CPU.Build.0 = Debug|Any CPU
		{D58A9A0F-F47B-4D9D-8761-8911DC168DBA}.Release|Any CPU.ActiveCfg = Release|Any CPU
		{D58A9A0F-F47B-4D9D-8761-8911DC168DBA}.Release|Any CPU.Build.0 = Release|Any CPU
	EndGlobalSection
EndGlobal
